// !$*UTF8*$!
{
	archiveVersion = 1;
	classes = {
	};
	objectVersion = 46;
	objects = {

/* Begin PBXBuildFile section */
		1E32B1471D35F90E003C1A8B /* AppDelegate.swift in Sources */ = {isa = PBXBuildFile; fileRef = 1E32B1461D35F90E003C1A8B /* AppDelegate.swift */; };
		1E32B1491D35F90E003C1A8B /* ViewController.swift in Sources */ = {isa = PBXBuildFile; fileRef = 1E32B1481D35F90E003C1A8B /* ViewController.swift */; };
		1E32B14C1D35F90E003C1A8B /* Main.storyboard in Resources */ = {isa = PBXBuildFile; fileRef = 1E32B14A1D35F90E003C1A8B /* Main.storyboard */; };
		1E32B14F1D35F90E003C1A8B /* How_s_The_Weather.xcdatamodeld in Sources */ = {isa = PBXBuildFile; fileRef = 1E32B14D1D35F90E003C1A8B /* How_s_The_Weather.xcdatamodeld */; };
		1E32B1511D35F90E003C1A8B /* Assets.xcassets in Resources */ = {isa = PBXBuildFile; fileRef = 1E32B1501D35F90E003C1A8B /* Assets.xcassets */; };
		1E32B1541D35F90E003C1A8B /* LaunchScreen.storyboard in Resources */ = {isa = PBXBuildFile; fileRef = 1E32B1521D35F90E003C1A8B /* LaunchScreen.storyboard */; };
/* End PBXBuildFile section */

/* Begin PBXFileReference section */
		1E32B1431D35F90D003C1A8B /* How's The Weather.app */ = {isa = PBXFileReference; explicitFileType = wrapper.application; includeInIndex = 0; path = "How's The Weather.app"; sourceTree = BUILT_PRODUCTS_DIR; };
		1E32B1461D35F90E003C1A8B /* AppDelegate.swift */ = {isa = PBXFileReference; lastKnownFileType = sourcecode.swift; path = AppDelegate.swift; sourceTree = "<group>"; };
		1E32B1481D35F90E003C1A8B /* ViewController.swift */ = {isa = PBXFileReference; lastKnownFileType = sourcecode.swift; path = ViewController.swift; sourceTree = "<group>"; };
		1E32B14B1D35F90E003C1A8B /* Base */ = {isa = PBXFileReference; lastKnownFileType = file.storyboard; name = Base; path = Base.lproj/Main.storyboard; sourceTree = "<group>"; };
		1E32B14E1D35F90E003C1A8B /* How_s_The_Weather.xcdatamodel */ = {isa = PBXFileReference; lastKnownFileType = wrapper.xcdatamodel; path = How_s_The_Weather.xcdatamodel; sourceTree = "<group>"; };
		1E32B1501D35F90E003C1A8B /* Assets.xcassets */ = {isa = PBXFileReference; lastKnownFileType = folder.assetcatalog; path = Assets.xcassets; sourceTree = "<group>"; };
		1E32B1531D35F90E003C1A8B /* Base */ = {isa = PBXFileReference; lastKnownFileType = file.storyboard; name = Base; path = Base.lproj/LaunchScreen.storyboard; sourceTree = "<group>"; };
		1E32B1551D35F90E003C1A8B /* Info.plist */ = {isa = PBXFileReference; lastKnownFileType = text.plist.xml; path = Info.plist; sourceTree = "<group>"; };
/* End PBXFileReference section */

/* Begin PBXFrameworksBuildPhase section */
		1E32B1401D35F90D003C1A8B /* Frameworks */ = {
			isa = PBXFrameworksBuildPhase;
			buildActionMask = 2147483647;
			files = (
			);
			runOnlyForDeploymentPostprocessing = 0;
		};
/* End PBXFrameworksBuildPhase section */

/* Begin PBXGroup section */
		1E32B13A1D35F90D003C1A8B = {
			isa = PBXGroup;
			children = (
				1E32B1451D35F90E003C1A8B /* How's The Weather */,
				1E32B1441D35F90D003C1A8B /* Products */,
			);
			sourceTree = "<group>";
		};
		1E32B1441D35F90D003C1A8B /* Products */ = {
			isa = PBXGroup;
			children = (
				1E32B1431D35F90D003C1A8B /* How's The Weather.app */,
			);
			name = Products;
			sourceTree = "<group>";
		};
		1E32B1451D35F90E003C1A8B /* How's The Weather */ = {
			isa = PBXGroup;
			children = (
				1E32B1461D35F90E003C1A8B /* AppDelegate.swift */,
				1E32B1481D35F90E003C1A8B /* ViewController.swift */,
				1E32B14A1D35F90E003C1A8B /* Main.storyboard */,
				1E32B1501D35F90E003C1A8B /* Assets.xcassets */,
				1E32B1521D35F90E003C1A8B /* LaunchScreen.storyboard */,
				1E32B1551D35F90E003C1A8B /* Info.plist */,
				1E32B14D1D35F90E003C1A8B /* How_s_The_Weather.xcdatamodeld */,
			);
			path = "How's The Weather";
			sourceTree = "<group>";
		};
/* End PBXGroup section */

/* Begin PBXNativeTarget section */
		1E32B1421D35F90D003C1A8B /* How's The Weather */ = {
			isa = PBXNativeTarget;
			buildConfigurationList = 1E32B1581D35F90E003C1A8B /* Build configuration list for PBXNativeTarget "How's The Weather" */;
			buildPhases = (
				1E32B13F1D35F90D003C1A8B /* Sources */,
				1E32B1401D35F90D003C1A8B /* Frameworks */,
				1E32B1411D35F90D003C1A8B /* Resources */,
			);
			buildRules = (
			);
			dependencies = (
			);
			name = "How's The Weather";
			productName = "How's The Weather";
			productReference = 1E32B1431D35F90D003C1A8B /* How's The Weather.app */;
			productType = "com.apple.product-type.application";
		};
/* End PBXNativeTarget section */

/* Begin PBXProject section */
		1E32B13B1D35F90D003C1A8B /* Project object */ = {
			isa = PBXProject;
			attributes = {
				LastSwiftUpdateCheck = 0730;
				LastUpgradeCheck = 0730;
				ORGANIZATIONNAME = "이승희";
				TargetAttributes = {
					1E32B1421D35F90D003C1A8B = {
						CreatedOnToolsVersion = 7.3.1;
					};
				};
			};
			buildConfigurationList = 1E32B13E1D35F90D003C1A8B /* Build configuration list for PBXProject "How's The Weather" */;
			compatibilityVersion = "Xcode 3.2";
			developmentRegion = English;
			hasScannedForEncodings = 0;
			knownRegions = (
				en,
				Base,
			);
			mainGroup = 1E32B13A1D35F90D003C1A8B;
			productRefGroup = 1E32B1441D35F90D003C1A8B /* Products */;
			projectDirPath = "";
			projectRoot = "";
			targets = (
				1E32B1421D35F90D003C1A8B /* How's The Weather */,
			);
		};
/* End PBXProject section */

/* Begin PBXResourcesBuildPhase section */
		1E32B1411D35F90D003C1A8B /* Resources */ = {
			isa = PBXResourcesBuildPhase;
			buildActionMask = 2147483647;
			files = (
				1E32B1541D35F90E003C1A8B /* LaunchScreen.storyboard in Resources */,
				1E32B1511D35F90E003C1A8B /* Assets.xcassets in Resources */,
				1E32B14C1D35F90E003C1A8B /* Main.storyboard in Resources */,
			);
			runOnlyForDeploymentPostprocessing = 0;
		};
/* End PBXResourcesBuildPhase section */

/* Begin PBXSourcesBuildPhase section */
		1E32B13F1D35F90D003C1A8B /* Sources */ = {
			isa = PBXSourcesBuildPhase;
			buildActionMask = 2147483647;
			files = (
				1E32B14F1D35F90E003C1A8B /* How_s_The_Weather.xcdatamodeld in Sources */,
				1E32B1491D35F90E003C1A8B /* ViewController.swift in Sources */,
				1E32B1471D35F90E003C1A8B /* AppDelegate.swift in Sources */,
			);
			runOnlyForDeploymentPostprocessing = 0;
		};
/* End PBXSourcesBuildPhase section */

/* Begin PBXVariantGroup section */
		1E32B14A1D35F90E003C1A8B /* Main.storyboard */ = {
			isa = PBXVariantGroup;
			children = (
				1E32B14B1D35F90E003C1A8B /* Base */,
			);
			name = Main.storyboard;
			sourceTree = "<group>";
		};
		1E32B1521D35F90E003C1A8B /* LaunchScreen.storyboard */ = {
			isa = PBXVariantGroup;
			children = (
				1E32B1531D35F90E003C1A8B /* Base */,
			);
			name = LaunchScreen.storyboard;
			sourceTree = "<group>";
		};
/* End PBXVariantGroup section */

/* Begin XCBuildConfiguration section */
		1E32B1561D35F90E003C1A8B /* Debug */ = {
			isa = XCBuildConfiguration;
			buildSettings = {
				ALWAYS_SEARCH_USER_PATHS = NO;
				CLANG_ANALYZER_NONNULL = YES;
				CLANG_CXX_LANGUAGE_STANDARD = "gnu++0x";
				CLANG_CXX_LIBRARY = "libc++";
				CLANG_ENABLE_MODULES = YES;
				CLANG_ENABLE_OBJC_ARC = YES;
				CLANG_WARN_BOOL_CONVERSION = YES;
				CLANG_WARN_CONSTANT_CONVERSION = YES;
				CLANG_WARN_DIRECT_OBJC_ISA_USAGE = YES_ERROR;
				CLANG_WARN_EMPTY_BODY = YES;
				CLANG_WARN_ENUM_CONVERSION = YES;
				CLANG_WARN_INT_CONVERSION = YES;
				CLANG_WARN_OBJC_ROOT_CLASS = YES_ERROR;
				CLANG_WARN_UNREACHABLE_CODE = YES;
				CLANG_WARN__DUPLICATE_METHOD_MATCH = YES;
				"CODE_SIGN_IDENTITY[sdk=iphoneos*]" = "iPhone Developer";
				COPY_PHASE_STRIP = NO;
				DEBUG_INFORMATION_FORMAT = dwarf;
				ENABLE_STRICT_OBJC_MSGSEND = YES;
				ENABLE_TESTABILITY = YES;
				GCC_C_LANGUAGE_STANDARD = gnu99;
				GCC_DYNAMIC_NO_PIC = NO;
				GCC_NO_COMMON_BLOCKS = YES;
				GCC_OPTIMIZATION_LEVEL = 0;
				GCC_PREPROCESSOR_DEFINITIONS = (
					"DEBUG=1",
					"$(inherited)",
				);
				GCC_WARN_64_TO_32_BIT_CONVERSION = YES;
				GCC_WARN_ABOUT_RETURN_TYPE = YES_ERROR;
				GCC_WARN_UNDECLARED_SELECTOR = YES;
				GCC_WARN_UNINITIALIZED_AUTOS = YES_AGGRESSIVE;
				GCC_WARN_UNUSED_FUNCTION = YES;
				GCC_WARN_UNUSED_VARIABLE = YES;
				IPHONEOS_DEPLOYMENT_TARGET = 9.3;
				MTL_ENABLE_DEBUG_INFO = YES;
				ONLY_ACTIVE_ARCH = YES;
				SDKROOT = iphoneos;
				SWIFT_OPTIMIZATION_LEVEL = "-Onone";
			};
			name = Debug;
		};
		1E32B1571D35F90E003C1A8B /* Release */ = {
			isa = XCBuildConfiguration;
			buildSettings = {
				ALWAYS_SEARCH_USER_PATHS = NO;
				CLANG_ANALYZER_NONNULL = YES;
				CLANG_CXX_LANGUAGE_STANDARD = "gnu++0x";
				CLANG_CXX_LIBRARY = "libc++";
				CLANG_ENABLE_MODULES = YES;
				CLANG_ENABLE_OBJC_ARC = YES;
				CLANG_WARN_BOOL_CONVERSION = YES;
				CLANG_WARN_CONSTANT_CONVERSION = YES;
				CLANG_WARN_DIRECT_OBJC_ISA_USAGE = YES_ERROR;
				CLANG_WARN_EMPTY_BODY = YES;
				CLANG_WARN_ENUM_CONVERSION = YES;
				CLANG_WARN_INT_CONVERSION = YES;
				CLANG_WARN_OBJC_ROOT_CLASS = YES_ERROR;
				CLANG_WARN_UNREACHABLE_CODE = YES;
				CLANG_WARN__DUPLICATE_METHOD_MATCH = YES;
				"CODE_SIGN_IDENTITY[sdk=iphoneos*]" = "iPhone Developer";
				COPY_PHASE_STRIP = NO;
				DEBUG_INFORMATION_FORMAT = "dwarf-with-dsym";
				ENABLE_NS_ASSERTIONS = NO;
				ENABLE_STRICT_OBJC_MSGSEND = YES;
				GCC_C_LANGUAGE_STANDARD = gnu99;
				GCC_NO_COMMON_BLOCKS = YES;
				GCC_WARN_64_TO_32_BIT_CONVERSION = YES;
				GCC_WARN_ABOUT_RETURN_TYPE = YES_ERROR;
				GCC_WARN_UNDECLARED_SELECTOR = YES;
				GCC_WARN_UNINITIALIZED_AUTOS = YES_AGGRESSIVE;
				GCC_WARN_UNUSED_FUNCTION = YES;
				GCC_WARN_UNUSED_VARIABLE = YES;
				IPHONEOS_DEPLOYMENT_TARGET = 9.3;
				MTL_ENABLE_DEBUG_INFO = NO;
				SDKROOT = iphoneos;
				VALIDATE_PRODUCT = YES;
			};
			name = Release;
		};
		1E32B1591D35F90E003C1A8B /* Debug */ = {
			isa = XCBuildConfiguration;
			buildSettings = {
				ASSETCATALOG_COMPILER_APPICON_NAME = AppIcon;
				INFOPLIST_FILE = "How's The Weather/Info.plist";
				LD_RUNPATH_SEARCH_PATHS = "$(inherited) @executable_path/Frameworks";
				PRODUCT_BUNDLE_IDENTIFIER = "com.seung.How-s-The-Weather";
				PRODUCT_NAME = "$(TARGET_NAME)";
			};
			name = Debug;
		};
		1E32B15A1D35F90E003C1A8B /* Release */ = {
			isa = XCBuildConfiguration;
			buildSettings = {
				ASSETCATALOG_COMPILER_APPICON_NAME = AppIcon;
				INFOPLIST_FILE = "How's The Weather/Info.plist";
				LD_RUNPATH_SEARCH_PATHS = "$(inherited) @executable_path/Frameworks";
				PRODUCT_BUNDLE_IDENTIFIER = "com.seung.How-s-The-Weather";
				PRODUCT_NAME = "$(TARGET_NAME)";
			};
			name = Release;
		};
/* End XCBuildConfiguration section */

/* Begin XCConfigurationList section */
		1E32B13E1D35F90D003C1A8B /* Build configuration list for PBXProject "How's The Weather" */ = {
			isa = XCConfigurationList;
			buildConfigurations = (
				1E32B1561D35F90E003C1A8B /* Debug */,
				1E32B1571D35F90E003C1A8B /* Release */,
			);
			defaultConfigurationIsVisible = 0;
			defaultConfigurationName = Release;
		};
		1E32B1581D35F90E003C1A8B /* Build configuration list for PBXNativeTarget "How's The Weather" */ = {
			isa = XCConfigurationList;
			buildConfigurations = (
				1E32B1591D35F90E003C1A8B /* Debug */,
				1E32B15A1D35F90E003C1A8B /* Release */,
			);
			defaultConfigurationIsVisible = 0;
		};
/* End XCConfigurationList section */

/* Begin XCVersionGroup section */
		1E32B14D1D35F90E003C1A8B /* How_s_The_Weather.xcdatamodeld */ = {
			isa = XCVersionGroup;
			children = (
				1E32B14E1D35F90E003C1A8B /* How_s_The_Weather.xcdatamodel */,
			);
			currentVersion = 1E32B14E1D35F90E003C1A8B /* How_s_The_Weather.xcdatamodel */;
			path = How_s_The_Weather.xcdatamodeld;
			sourceTree = "<group>";
			versionGroupType = wrapper.xcdatamodel;
		};
/* End XCVersionGroup section */
	};
	rootObject = 1E32B13B1D35F90D003C1A8B /* Project object */;
}
